// !$*UTF8*$!
{
	archiveVersion = 1;
	classes = {
	};
	objectVersion = 46;
	objects = {

/* Begin PBXBuildFile section */
		F00747291C751FE200169915 /* LocalCandidatePYIN.cpp in Sources */ = {isa = PBXBuildFile; fileRef = F00746FD1C751D9E00169915 /* LocalCandidatePYIN.cpp */; };
		F007472A1C751FE600169915 /* MonoNote.cpp in Sources */ = {isa = PBXBuildFile; fileRef = F00747001C751D9E00169915 /* MonoNote.cpp */; };
		F007472B1C751FE900169915 /* MonoNoteHMM.cpp in Sources */ = {isa = PBXBuildFile; fileRef = F00747021C751D9E00169915 /* MonoNoteHMM.cpp */; };
		F007472C1C751FEF00169915 /* MonoNoteParameters.cpp in Sources */ = {isa = PBXBuildFile; fileRef = F00747041C751D9E00169915 /* MonoNoteParameters.cpp */; };
		F007472D1C751FF100169915 /* MonoPitch.cpp in Sources */ = {isa = PBXBuildFile; fileRef = F00747061C751D9E00169915 /* MonoPitch.cpp */; };
		F007472E1C751FF300169915 /* MonoPitchHMM.cpp in Sources */ = {isa = PBXBuildFile; fileRef = F00747081C751D9E00169915 /* MonoPitchHMM.cpp */; };
		F007472F1C751FF600169915 /* PYinVamp.cpp in Sources */ = {isa = PBXBuildFile; fileRef = F007470A1C751D9E00169915 /* PYinVamp.cpp */; };
		F00747301C751FF800169915 /* SparseHMM.cpp in Sources */ = {isa = PBXBuildFile; fileRef = F007470C1C751D9E00169915 /* SparseHMM.cpp */; };
		F00747311C751FFB00169915 /* Yin.cpp in Sources */ = {isa = PBXBuildFile; fileRef = F007470E1C751D9E00169915 /* Yin.cpp */; };
		F00747321C751FFE00169915 /* YinUtil.cpp in Sources */ = {isa = PBXBuildFile; fileRef = F00747101C751D9E00169915 /* YinUtil.cpp */; };
		F00747331C75200000169915 /* YinVamp.cpp in Sources */ = {isa = PBXBuildFile; fileRef = F00747121C751D9E00169915 /* YinVamp.cpp */; };
		F00747341C75208C00169915 /* libmain.cpp in Sources */ = {isa = PBXBuildFile; fileRef = F00746FC1C751D9E00169915 /* libmain.cpp */; };
		F0B3142B1C7F52D700AF88C5 /* IntonationHistogram.cpp in Sources */ = {isa = PBXBuildFile; fileRef = F0B314291C7F52D700AF88C5 /* IntonationHistogram.cpp */; };
/* End PBXBuildFile section */

/* Begin PBXFileReference section */
		F00746F91C751D9E00169915 /* misc */ = {isa = PBXFileReference; lastKnownFileType = folder; path = misc; sourceTree = "<group>"; };
		F00746FA1C751D9E00169915 /* test */ = {isa = PBXFileReference; lastKnownFileType = folder; path = test; sourceTree = "<group>"; };
		F00746FB1C751D9E00169915 /* win32-build */ = {isa = PBXFileReference; lastKnownFileType = folder; path = "win32-build"; sourceTree = "<group>"; };
		F00746FC1C751D9E00169915 /* libmain.cpp */ = {isa = PBXFileReference; fileEncoding = 4; lastKnownFileType = sourcecode.cpp.cpp; path = libmain.cpp; sourceTree = "<group>"; };
		F00746FD1C751D9E00169915 /* LocalCandidatePYIN.cpp */ = {isa = PBXFileReference; fileEncoding = 4; lastKnownFileType = sourcecode.cpp.cpp; path = LocalCandidatePYIN.cpp; sourceTree = "<group>"; };
		F00746FE1C751D9E00169915 /* LocalCandidatePYIN.h */ = {isa = PBXFileReference; fileEncoding = 4; lastKnownFileType = sourcecode.c.h; path = LocalCandidatePYIN.h; sourceTree = "<group>"; };
		F00746FF1C751D9E00169915 /* MeanFilter.h */ = {isa = PBXFileReference; fileEncoding = 4; lastKnownFileType = sourcecode.c.h; path = MeanFilter.h; sourceTree = "<group>"; };
		F00747001C751D9E00169915 /* MonoNote.cpp */ = {isa = PBXFileReference; fileEncoding = 4; lastKnownFileType = sourcecode.cpp.cpp; path = MonoNote.cpp; sourceTree = "<group>"; };
		F00747011C751D9E00169915 /* MonoNote.h */ = {isa = PBXFileReference; fileEncoding = 4; lastKnownFileType = sourcecode.c.h; path = MonoNote.h; sourceTree = "<group>"; };
		F00747021C751D9E00169915 /* MonoNoteHMM.cpp */ = {isa = PBXFileReference; fileEncoding = 4; lastKnownFileType = sourcecode.cpp.cpp; path = MonoNoteHMM.cpp; sourceTree = "<group>"; };
		F00747031C751D9E00169915 /* MonoNoteHMM.h */ = {isa = PBXFileReference; fileEncoding = 4; lastKnownFileType = sourcecode.c.h; path = MonoNoteHMM.h; sourceTree = "<group>"; };
		F00747041C751D9E00169915 /* MonoNoteParameters.cpp */ = {isa = PBXFileReference; fileEncoding = 4; lastKnownFileType = sourcecode.cpp.cpp; path = MonoNoteParameters.cpp; sourceTree = "<group>"; };
		F00747051C751D9E00169915 /* MonoNoteParameters.h */ = {isa = PBXFileReference; fileEncoding = 4; lastKnownFileType = sourcecode.c.h; path = MonoNoteParameters.h; sourceTree = "<group>"; };
		F00747061C751D9E00169915 /* MonoPitch.cpp */ = {isa = PBXFileReference; fileEncoding = 4; lastKnownFileType = sourcecode.cpp.cpp; path = MonoPitch.cpp; sourceTree = "<group>"; };
		F00747071C751D9E00169915 /* MonoPitch.h */ = {isa = PBXFileReference; fileEncoding = 4; lastKnownFileType = sourcecode.c.h; path = MonoPitch.h; sourceTree = "<group>"; };
		F00747081C751D9E00169915 /* MonoPitchHMM.cpp */ = {isa = PBXFileReference; fileEncoding = 4; lastKnownFileType = sourcecode.cpp.cpp; path = MonoPitchHMM.cpp; sourceTree = "<group>"; };
		F00747091C751D9E00169915 /* MonoPitchHMM.h */ = {isa = PBXFileReference; fileEncoding = 4; lastKnownFileType = sourcecode.c.h; path = MonoPitchHMM.h; sourceTree = "<group>"; };
		F007470A1C751D9E00169915 /* PYinVamp.cpp */ = {isa = PBXFileReference; fileEncoding = 4; lastKnownFileType = sourcecode.cpp.cpp; path = PYinVamp.cpp; sourceTree = "<group>"; };
		F007470B1C751D9E00169915 /* PYinVamp.h */ = {isa = PBXFileReference; fileEncoding = 4; lastKnownFileType = sourcecode.c.h; path = PYinVamp.h; sourceTree = "<group>"; };
		F007470C1C751D9E00169915 /* SparseHMM.cpp */ = {isa = PBXFileReference; fileEncoding = 4; lastKnownFileType = sourcecode.cpp.cpp; path = SparseHMM.cpp; sourceTree = "<group>"; };
		F007470D1C751D9E00169915 /* SparseHMM.h */ = {isa = PBXFileReference; fileEncoding = 4; lastKnownFileType = sourcecode.c.h; path = SparseHMM.h; sourceTree = "<group>"; };
		F007470E1C751D9E00169915 /* Yin.cpp */ = {isa = PBXFileReference; fileEncoding = 4; lastKnownFileType = sourcecode.cpp.cpp; path = Yin.cpp; sourceTree = "<group>"; };
		F007470F1C751D9E00169915 /* Yin.h */ = {isa = PBXFileReference; fileEncoding = 4; lastKnownFileType = sourcecode.c.h; path = Yin.h; sourceTree = "<group>"; };
		F00747101C751D9E00169915 /* YinUtil.cpp */ = {isa = PBXFileReference; fileEncoding = 4; lastKnownFileType = sourcecode.cpp.cpp; path = YinUtil.cpp; sourceTree = "<group>"; };
		F00747111C751D9E00169915 /* YinUtil.h */ = {isa = PBXFileReference; fileEncoding = 4; lastKnownFileType = sourcecode.c.h; path = YinUtil.h; sourceTree = "<group>"; };
		F00747121C751D9E00169915 /* YinVamp.cpp */ = {isa = PBXFileReference; fileEncoding = 4; lastKnownFileType = sourcecode.cpp.cpp; path = YinVamp.cpp; sourceTree = "<group>"; };
		F00747131C751D9E00169915 /* YinVamp.h */ = {isa = PBXFileReference; fileEncoding = 4; lastKnownFileType = sourcecode.c.h; path = YinVamp.h; sourceTree = "<group>"; };
		F00747141C751D9E00169915 /* COPYING */ = {isa = PBXFileReference; fileEncoding = 4; lastKnownFileType = text; path = COPYING; sourceTree = "<group>"; };
		F00747151C751D9E00169915 /* Makefile */ = {isa = PBXFileReference; fileEncoding = 4; lastKnownFileType = sourcecode.make; path = Makefile; sourceTree = "<group>"; };
		F00747161C751D9E00169915 /* Makefile.inc */ = {isa = PBXFileReference; fileEncoding = 4; lastKnownFileType = sourcecode.pascal; path = Makefile.inc; sourceTree = "<group>"; };
		F00747171C751D9E00169915 /* Makefile.linux64 */ = {isa = PBXFileReference; fileEncoding = 4; lastKnownFileType = text; path = Makefile.linux64; sourceTree = "<group>"; };
		F00747181C751D9E00169915 /* Makefile.mingw32 */ = {isa = PBXFileReference; fileEncoding = 4; lastKnownFileType = text; path = Makefile.mingw32; sourceTree = "<group>"; };
		F00747191C751D9E00169915 /* Makefile.osx */ = {isa = PBXFileReference; fileEncoding = 4; lastKnownFileType = text; path = Makefile.osx; sourceTree = "<group>"; };
		F007471A1C751D9E00169915 /* README */ = {isa = PBXFileReference; fileEncoding = 4; lastKnownFileType = text; path = README; sourceTree = "<group>"; };
		F007471B1C751D9E00169915 /* vamp-plugin.list */ = {isa = PBXFileReference; fileEncoding = 4; lastKnownFileType = text; path = "vamp-plugin.list"; sourceTree = "<group>"; };
		F007471C1C751D9E00169915 /* vamp-plugin.map */ = {isa = PBXFileReference; fileEncoding = 4; lastKnownFileType = "sourcecode.module-map"; path = "vamp-plugin.map"; sourceTree = "<group>"; };
		F03E7FAB1C85D1A000B0519C /* base */ = {isa = PBXFileReference; lastKnownFileType = folder; path = base; sourceTree = "<group>"; };
		F03E7FAE1C85D1A000B0519C /* maths */ = {isa = PBXFileReference; lastKnownFileType = folder; path = maths; sourceTree = "<group>"; };
		F0B314251C7E415800AF88C5 /* pyin_noteTransition_doc */ = {isa = PBXFileReference; explicitFileType = "compiled.mach-o.executable"; includeInIndex = 0; path = pyin_noteTransition_doc; sourceTree = BUILT_PRODUCTS_DIR; };
		F0B314291C7F52D700AF88C5 /* IntonationHistogram.cpp */ = {isa = PBXFileReference; fileEncoding = 4; lastKnownFileType = sourcecode.cpp.cpp; path = IntonationHistogram.cpp; sourceTree = "<group>"; };
		F0B3142A1C7F52D700AF88C5 /* IntonationHistogram.h */ = {isa = PBXFileReference; fileEncoding = 4; lastKnownFileType = sourcecode.c.h; path = IntonationHistogram.h; sourceTree = "<group>"; };
/* End PBXFileReference section */

/* Begin PBXFrameworksBuildPhase section */
		F007471E1C751F4F00169915 /* Frameworks */ = {
			isa = PBXFrameworksBuildPhase;
			buildActionMask = 2147483647;
			files = (
			);
			runOnlyForDeploymentPostprocessing = 0;
		};
/* End PBXFrameworksBuildPhase section */

/* Begin PBXGroup section */
		F00746EE1C751D4500169915 = {
			isa = PBXGroup;
			children = (
				F03E7FAB1C85D1A000B0519C /* base */,
				F03E7FAE1C85D1A000B0519C /* maths */,
				F00746F91C751D9E00169915 /* misc */,
				F00746FA1C751D9E00169915 /* test */,
				F00746FB1C751D9E00169915 /* win32-build */,
				F00746FC1C751D9E00169915 /* libmain.cpp */,
				F00746FD1C751D9E00169915 /* LocalCandidatePYIN.cpp */,
				F00746FE1C751D9E00169915 /* LocalCandidatePYIN.h */,
				F0B314291C7F52D700AF88C5 /* IntonationHistogram.cpp */,
				F0B3142A1C7F52D700AF88C5 /* IntonationHistogram.h */,
				F00746FF1C751D9E00169915 /* MeanFilter.h */,
				F00747001C751D9E00169915 /* MonoNote.cpp */,
				F00747011C751D9E00169915 /* MonoNote.h */,
				F00747021C751D9E00169915 /* MonoNoteHMM.cpp */,
				F00747031C751D9E00169915 /* MonoNoteHMM.h */,
				F00747041C751D9E00169915 /* MonoNoteParameters.cpp */,
				F00747051C751D9E00169915 /* MonoNoteParameters.h */,
				F00747061C751D9E00169915 /* MonoPitch.cpp */,
				F00747071C751D9E00169915 /* MonoPitch.h */,
				F00747081C751D9E00169915 /* MonoPitchHMM.cpp */,
				F00747091C751D9E00169915 /* MonoPitchHMM.h */,
				F007470A1C751D9E00169915 /* PYinVamp.cpp */,
				F007470B1C751D9E00169915 /* PYinVamp.h */,
				F007470C1C751D9E00169915 /* SparseHMM.cpp */,
				F007470D1C751D9E00169915 /* SparseHMM.h */,
				F007470E1C751D9E00169915 /* Yin.cpp */,
				F007470F1C751D9E00169915 /* Yin.h */,
				F00747101C751D9E00169915 /* YinUtil.cpp */,
				F00747111C751D9E00169915 /* YinUtil.h */,
				F00747121C751D9E00169915 /* YinVamp.cpp */,
				F00747131C751D9E00169915 /* YinVamp.h */,
				F00747141C751D9E00169915 /* COPYING */,
				F00747151C751D9E00169915 /* Makefile */,
				F00747161C751D9E00169915 /* Makefile.inc */,
				F00747171C751D9E00169915 /* Makefile.linux64 */,
				F00747181C751D9E00169915 /* Makefile.mingw32 */,
				F00747191C751D9E00169915 /* Makefile.osx */,
				F007471A1C751D9E00169915 /* README */,
				F007471B1C751D9E00169915 /* vamp-plugin.list */,
				F007471C1C751D9E00169915 /* vamp-plugin.map */,
				F0B314251C7E415800AF88C5 /* pyin_noteTransition_doc */,
			);
			sourceTree = "<group>";
		};
/* End PBXGroup section */

/* Begin PBXLegacyTarget section */
		F00746F31C751D4500169915 /* pyin_noteTransition */ = {
			isa = PBXLegacyTarget;
			buildArgumentsString = "$(ACTION)";
			buildConfigurationList = F00746F61C751D4500169915 /* Build configuration list for PBXLegacyTarget "pyin_noteTransition" */;
			buildPhases = (
			);
			buildToolPath = /usr/bin/make;
			dependencies = (
			);
			name = pyin_noteTransition;
			passBuildSettingsInEnvironment = 1;
			productName = pyin_noteTransition;
		};
/* End PBXLegacyTarget section */

/* Begin PBXNativeTarget section */
		F00747201C751F4F00169915 /* pyin_noteTransition_doc */ = {
			isa = PBXNativeTarget;
			buildConfigurationList = F00747261C751F4F00169915 /* Build configuration list for PBXNativeTarget "pyin_noteTransition_doc" */;
			buildPhases = (
				F007471D1C751F4F00169915 /* Sources */,
				F007471E1C751F4F00169915 /* Frameworks */,
			);
			buildRules = (
			);
			dependencies = (
			);
			name = pyin_noteTransition_doc;
			productName = pyin_noteTransition_doc;
			productReference = F0B314251C7E415800AF88C5 /* pyin_noteTransition_doc */;
			productType = "com.apple.product-type.tool";
		};
/* End PBXNativeTarget section */

/* Begin PBXProject section */
		F00746EF1C751D4500169915 /* Project object */ = {
			isa = PBXProject;
			attributes = {
				LastUpgradeCheck = 0720;
				ORGANIZATIONNAME = gong;
				TargetAttributes = {
					F00746F31C751D4500169915 = {
						CreatedOnToolsVersion = 7.2.1;
					};
					F00747201C751F4F00169915 = {
						CreatedOnToolsVersion = 7.2.1;
					};
				};
			};
			buildConfigurationList = F00746F21C751D4500169915 /* Build configuration list for PBXProject "pyin_noteTransition" */;
			compatibilityVersion = "Xcode 3.2";
			developmentRegion = English;
			hasScannedForEncodings = 0;
			knownRegions = (
				en,
			);
			mainGroup = F00746EE1C751D4500169915;
			productRefGroup = F00746EE1C751D4500169915;
			projectDirPath = "";
			projectRoot = "";
			targets = (
				F00746F31C751D4500169915 /* pyin_noteTransition */,
				F00747201C751F4F00169915 /* pyin_noteTransition_doc */,
			);
		};
/* End PBXProject section */

/* Begin PBXSourcesBuildPhase section */
		F007471D1C751F4F00169915 /* Sources */ = {
			isa = PBXSourcesBuildPhase;
			buildActionMask = 2147483647;
			files = (
				F007472F1C751FF600169915 /* PYinVamp.cpp in Sources */,
				F0B3142B1C7F52D700AF88C5 /* IntonationHistogram.cpp in Sources */,
				F00747321C751FFE00169915 /* YinUtil.cpp in Sources */,
				F007472B1C751FE900169915 /* MonoNoteHMM.cpp in Sources */,
				F00747291C751FE200169915 /* LocalCandidatePYIN.cpp in Sources */,
				F00747311C751FFB00169915 /* Yin.cpp in Sources */,
				F007472C1C751FEF00169915 /* MonoNoteParameters.cpp in Sources */,
				F00747301C751FF800169915 /* SparseHMM.cpp in Sources */,
				F00747331C75200000169915 /* YinVamp.cpp in Sources */,
				F00747341C75208C00169915 /* libmain.cpp in Sources */,
				F007472A1C751FE600169915 /* MonoNote.cpp in Sources */,
				F007472D1C751FF100169915 /* MonoPitch.cpp in Sources */,
				F007472E1C751FF300169915 /* MonoPitchHMM.cpp in Sources */,
			);
			runOnlyForDeploymentPostprocessing = 0;
		};
/* End PBXSourcesBuildPhase section */

/* Begin XCBuildConfiguration section */
		F00746F41C751D4500169915 /* Debug */ = {
			isa = XCBuildConfiguration;
			buildSettings = {
				ALWAYS_SEARCH_USER_PATHS = NO;
				CLANG_CXX_LANGUAGE_STANDARD = "gnu++0x";
				CLANG_CXX_LIBRARY = "libc++";
				CLANG_ENABLE_MODULES = YES;
				CLANG_ENABLE_OBJC_ARC = YES;
				CLANG_WARN_BOOL_CONVERSION = YES;
				CLANG_WARN_CONSTANT_CONVERSION = YES;
				CLANG_WARN_DIRECT_OBJC_ISA_USAGE = YES_ERROR;
				CLANG_WARN_EMPTY_BODY = YES;
				CLANG_WARN_ENUM_CONVERSION = YES;
				CLANG_WARN_INT_CONVERSION = YES;
				CLANG_WARN_OBJC_ROOT_CLASS = YES_ERROR;
				CLANG_WARN_UNREACHABLE_CODE = YES;
				CLANG_WARN__DUPLICATE_METHOD_MATCH = YES;
				COPY_PHASE_STRIP = NO;
				DEBUG_INFORMATION_FORMAT = dwarf;
				ENABLE_STRICT_OBJC_MSGSEND = YES;
				ENABLE_TESTABILITY = YES;
				GCC_C_LANGUAGE_STANDARD = gnu99;
				GCC_DYNAMIC_NO_PIC = NO;
				GCC_NO_COMMON_BLOCKS = YES;
				GCC_OPTIMIZATION_LEVEL = 0;
				GCC_PREPROCESSOR_DEFINITIONS = (
					"DEBUG=1",
					"$(inherited)",
				);
				GCC_WARN_64_TO_32_BIT_CONVERSION = YES;
				GCC_WARN_ABOUT_RETURN_TYPE = YES_ERROR;
				GCC_WARN_UNDECLARED_SELECTOR = YES;
				GCC_WARN_UNINITIALIZED_AUTOS = YES_AGGRESSIVE;
				GCC_WARN_UNUSED_FUNCTION = YES;
				GCC_WARN_UNUSED_VARIABLE = YES;
				MTL_ENABLE_DEBUG_INFO = YES;
				ONLY_ACTIVE_ARCH = YES;
			};
			name = Debug;
		};
		F00746F51C751D4500169915 /* Release */ = {
			isa = XCBuildConfiguration;
			buildSettings = {
				ALWAYS_SEARCH_USER_PATHS = NO;
				CLANG_CXX_LANGUAGE_STANDARD = "gnu++0x";
				CLANG_CXX_LIBRARY = "libc++";
				CLANG_ENABLE_MODULES = YES;
				CLANG_ENABLE_OBJC_ARC = YES;
				CLANG_WARN_BOOL_CONVERSION = YES;
				CLANG_WARN_CONSTANT_CONVERSION = YES;
				CLANG_WARN_DIRECT_OBJC_ISA_USAGE = YES_ERROR;
				CLANG_WARN_EMPTY_BODY = YES;
				CLANG_WARN_ENUM_CONVERSION = YES;
				CLANG_WARN_INT_CONVERSION = YES;
				CLANG_WARN_OBJC_ROOT_CLASS = YES_ERROR;
				CLANG_WARN_UNREACHABLE_CODE = YES;
				CLANG_WARN__DUPLICATE_METHOD_MATCH = YES;
				COPY_PHASE_STRIP = NO;
				DEBUG_INFORMATION_FORMAT = "dwarf-with-dsym";
				ENABLE_NS_ASSERTIONS = NO;
				ENABLE_STRICT_OBJC_MSGSEND = YES;
				GCC_C_LANGUAGE_STANDARD = gnu99;
				GCC_NO_COMMON_BLOCKS = YES;
				GCC_WARN_64_TO_32_BIT_CONVERSION = YES;
				GCC_WARN_ABOUT_RETURN_TYPE = YES_ERROR;
				GCC_WARN_UNDECLARED_SELECTOR = YES;
				GCC_WARN_UNINITIALIZED_AUTOS = YES_AGGRESSIVE;
				GCC_WARN_UNUSED_FUNCTION = YES;
				GCC_WARN_UNUSED_VARIABLE = YES;
				MTL_ENABLE_DEBUG_INFO = NO;
			};
			name = Release;
		};
		F00746F71C751D4500169915 /* Debug */ = {
			isa = XCBuildConfiguration;
			buildSettings = {
				DEBUGGING_SYMBOLS = YES;
				DEBUG_INFORMATION_FORMAT = dwarf;
				GCC_GENERATE_DEBUGGING_SYMBOLS = YES;
				GCC_OPTIMIZATION_LEVEL = 0;
				OTHER_CFLAGS = "";
				OTHER_LDFLAGS = "";
				PRODUCT_NAME = "$(TARGET_NAME)";
			};
			name = Debug;
		};
		F00746F81C751D4500169915 /* Release */ = {
			isa = XCBuildConfiguration;
			buildSettings = {
				DEBUG_INFORMATION_FORMAT = "dwarf-with-dsym";
				OTHER_CFLAGS = "";
				OTHER_LDFLAGS = "";
				PRODUCT_NAME = "$(TARGET_NAME)";
			};
			name = Release;
		};
		F00747271C751F4F00169915 /* Debug */ = {
			isa = XCBuildConfiguration;
			buildSettings = {
				CODE_SIGN_IDENTITY = "-";
				MACOSX_DEPLOYMENT_TARGET = 10.10;
				PRODUCT_NAME = "$(TARGET_NAME)";
				SDKROOT = macosx;
			};
			name = Debug;
		};
		F00747281C751F4F00169915 /* Release */ = {
			isa = XCBuildConfiguration;
			buildSettings = {
				CODE_SIGN_IDENTITY = "-";
				MACOSX_DEPLOYMENT_TARGET = 10.10;
				PRODUCT_NAME = "$(TARGET_NAME)";
				SDKROOT = macosx;
			};
			name = Release;
		};
/* End XCBuildConfiguration section */

/* Begin XCConfigurationList section */
		F00746F21C751D4500169915 /* Build configuration list for PBXProject "pyin_noteTransition" */ = {
			isa = XCConfigurationList;
			buildConfigurations = (
				F00746F41C751D4500169915 /* Debug */,
				F00746F51C751D4500169915 /* Release */,
			);
			defaultConfigurationIsVisible = 0;
			defaultConfigurationName = Release;
		};
		F00746F61C751D4500169915 /* Build configuration list for PBXLegacyTarget "pyin_noteTransition" */ = {
			isa = XCConfigurationList;
			buildConfigurations = (
				F00746F71C751D4500169915 /* Debug */,
				F00746F81C751D4500169915 /* Release */,
			);
			defaultConfigurationIsVisible = 0;
			defaultConfigurationName = Release;
		};
		F00747261C751F4F00169915 /* Build configuration list for PBXNativeTarget "pyin_noteTransition_doc" */ = {
			isa = XCConfigurationList;
			buildConfigurations = (
				F00747271C751F4F00169915 /* Debug */,
				F00747281C751F4F00169915 /* Release */,
			);
			defaultConfigurationIsVisible = 0;
			defaultConfigurationName = Release;
		};
/* End XCConfigurationList section */
	};
	rootObject = F00746EF1C751D4500169915 /* Project object */;
}
